
Microsoft Visual Studio Solution File, Format Version 12.00
# Visual Studio Version 17
VisualStudioVersion = 17.0.32014.148
MinimumVisualStudioVersion = 10.0.40219.1
Project("{8BC9CEB8-8B4A-11D0-8D11-00A0C91BC942}") = "TicTacToe", "TicTacToe\TicTacToe.vcxproj", "{9255A552-2F61-4435-9F5F-6F06E096C67B}"
EndProject
Global
	GlobalSection(SolutionConfigurationPlatforms) = preSolution
		Debug|x64 = Debug|x64
		Debug|x86 = Debug|x86
		Release|x64 = Release|x64
		Release|x86 = Release|x86
	EndGlobalSection
	GlobalSection(ProjectConfigurationPlatforms) = postSolution
		{9255A552-2F61-4435-9F5F-6F06E096C67B}.Debug|x64.ActiveCfg = Debug|x64
		{9255A552-2F61-4435-9F5F-6F06E096C67B}.Debug|x64.Build.0 = Debug|x64
		{9255A552-2F61-4435-9F5F-6F06E096C67B}.Debug|x86.ActiveCfg = Debug|Win32
		{9255A552-2F61-4435-9F5F-6F06E096C67B}.Debug|x86.Build.0 = Debug|Win32
		{9255A552-2F61-4435-9F5F-6F06E096C67B}.Release|x64.ActiveCfg = Release|x64
		{9255A552-2F61-4435-9F5F-6F06E096C67B}.Release|x64.Build.0 = Release|x64
		{9255A552-2F61-4435-9F5F-6F06E096C67B}.Release|x86.ActiveCfg = Release|Win32
		{9255A552-2F61-4435-9F5F-6F06E096C67B}.Release|x86.Build.0 = Release|Win32
	EndGlobalSection
	GlobalSection(SolutionProperties) = preSolution
		HideSolutionNode = FALSE
	EndGlobalSection
	GlobalSection(ExtensibilityGlobals) = postSolution
		SolutionGuid = {532CCBD6-8F39-49D0-BEF1-0740BC899542}
	EndGlobalSection
EndGlobal
